// !$*UTF8*$!
{
	archiveVersion = 1;
	classes = {
	};
	objectVersion = 50;
	objects = {

/* Begin PBXBuildFile section */
		94CC60A121FB93450037D2C7 /* AppDelegate.swift in Sources */ = {isa = PBXBuildFile; fileRef = 94CC60A021FB93450037D2C7 /* AppDelegate.swift */; };
		94CC60A321FB93450037D2C7 /* ViewController.swift in Sources */ = {isa = PBXBuildFile; fileRef = 94CC60A221FB93450037D2C7 /* ViewController.swift */; };
		94CC60A621FB93450037D2C7 /* Main.storyboard in Resources */ = {isa = PBXBuildFile; fileRef = 94CC60A421FB93450037D2C7 /* Main.storyboard */; };
		94CC60A821FB93460037D2C7 /* Assets.xcassets in Resources */ = {isa = PBXBuildFile; fileRef = 94CC60A721FB93460037D2C7 /* Assets.xcassets */; };
		94CC60AB21FB93460037D2C7 /* LaunchScreen.storyboard in Resources */ = {isa = PBXBuildFile; fileRef = 94CC60A921FB93460037D2C7 /* LaunchScreen.storyboard */; };
		94CC60B621FB93460037D2C7 /* HackwichTwoTests.swift in Sources */ = {isa = PBXBuildFile; fileRef = 94CC60B521FB93460037D2C7 /* HackwichTwoTests.swift */; };
		94CC60C121FB93460037D2C7 /* HackwichTwoUITests.swift in Sources */ = {isa = PBXBuildFile; fileRef = 94CC60C021FB93460037D2C7 /* HackwichTwoUITests.swift */; };
/* End PBXBuildFile section */

/* Begin PBXContainerItemProxy section */
		94CC60B221FB93460037D2C7 /* PBXContainerItemProxy */ = {
			isa = PBXContainerItemProxy;
			containerPortal = 94CC609521FB93450037D2C7 /* Project object */;
			proxyType = 1;
			remoteGlobalIDString = 94CC609C21FB93450037D2C7;
			remoteInfo = HackwichTwo;
		};
		94CC60BD21FB93460037D2C7 /* PBXContainerItemProxy */ = {
			isa = PBXContainerItemProxy;
			containerPortal = 94CC609521FB93450037D2C7 /* Project object */;
			proxyType = 1;
			remoteGlobalIDString = 94CC609C21FB93450037D2C7;
			remoteInfo = HackwichTwo;
		};
/* End PBXContainerItemProxy section */

/* Begin PBXFileReference section */
		94CC609D21FB93450037D2C7 /* HackwichTwo.app */ = {isa = PBXFileReference; explicitFileType = wrapper.application; includeInIndex = 0; path = HackwichTwo.app; sourceTree = BUILT_PRODUCTS_DIR; };
		94CC60A021FB93450037D2C7 /* AppDelegate.swift */ = {isa = PBXFileReference; lastKnownFileType = sourcecode.swift; path = AppDelegate.swift; sourceTree = "<group>"; };
		94CC60A221FB93450037D2C7 /* ViewController.swift */ = {isa = PBXFileReference; lastKnownFileType = sourcecode.swift; path = ViewController.swift; sourceTree = "<group>"; };
		94CC60A521FB93450037D2C7 /* Base */ = {isa = PBXFileReference; lastKnownFileType = file.storyboard; name = Base; path = Base.lproj/Main.storyboard; sourceTree = "<group>"; };
		94CC60A721FB93460037D2C7 /* Assets.xcassets */ = {isa = PBXFileReference; lastKnownFileType = folder.assetcatalog; path = Assets.xcassets; sourceTree = "<group>"; };
		94CC60AA21FB93460037D2C7 /* Base */ = {isa = PBXFileReference; lastKnownFileType = file.storyboard; name = Base; path = Base.lproj/LaunchScreen.storyboard; sourceTree = "<group>"; };
		94CC60AC21FB93460037D2C7 /* Info.plist */ = {isa = PBXFileReference; lastKnownFileType = text.plist.xml; path = Info.plist; sourceTree = "<group>"; };
		94CC60B121FB93460037D2C7 /* HackwichTwoTests.xctest */ = {isa = PBXFileReference; explicitFileType = wrapper.cfbundle; includeInIndex = 0; path = HackwichTwoTests.xctest; sourceTree = BUILT_PRODUCTS_DIR; };
		94CC60B521FB93460037D2C7 /* HackwichTwoTests.swift */ = {isa = PBXFileReference; lastKnownFileType = sourcecode.swift; path = HackwichTwoTests.swift; sourceTree = "<group>"; };
		94CC60B721FB93460037D2C7 /* Info.plist */ = {isa = PBXFileReference; lastKnownFileType = text.plist.xml; path = Info.plist; sourceTree = "<group>"; };
		94CC60BC21FB93460037D2C7 /* HackwichTwoUITests.xctest */ = {isa = PBXFileReference; explicitFileType = wrapper.cfbundle; includeInIndex = 0; path = HackwichTwoUITests.xctest; sourceTree = BUILT_PRODUCTS_DIR; };
		94CC60C021FB93460037D2C7 /* HackwichTwoUITests.swift */ = {isa = PBXFileReference; lastKnownFileType = sourcecode.swift; path = HackwichTwoUITests.swift; sourceTree = "<group>"; };
		94CC60C221FB93460037D2C7 /* Info.plist */ = {isa = PBXFileReference; lastKnownFileType = text.plist.xml; path = Info.plist; sourceTree = "<group>"; };
/* End PBXFileReference section */

/* Begin PBXFrameworksBuildPhase section */
		94CC609A21FB93450037D2C7 /* Frameworks */ = {
			isa = PBXFrameworksBuildPhase;
			buildActionMask = 2147483647;
			files = (
			);
			runOnlyForDeploymentPostprocessing = 0;
		};
		94CC60AE21FB93460037D2C7 /* Frameworks */ = {
			isa = PBXFrameworksBuildPhase;
			buildActionMask = 2147483647;
			files = (
			);
			runOnlyForDeploymentPostprocessing = 0;
		};
		94CC60B921FB93460037D2C7 /* Frameworks */ = {
			isa = PBXFrameworksBuildPhase;
			buildActionMask = 2147483647;
			files = (
			);
			runOnlyForDeploymentPostprocessing = 0;
		};
/* End PBXFrameworksBuildPhase section */

/* Begin PBXGroup section */
		94CC609421FB93450037D2C7 = {
			isa = PBXGroup;
			children = (
				94CC609F21FB93450037D2C7 /* HackwichTwo */,
				94CC60B421FB93460037D2C7 /* HackwichTwoTests */,
				94CC60BF21FB93460037D2C7 /* HackwichTwoUITests */,
				94CC609E21FB93450037D2C7 /* Products */,
			);
			sourceTree = "<group>";
		};
		94CC609E21FB93450037D2C7 /* Products */ = {
			isa = PBXGroup;
			children = (
				94CC609D21FB93450037D2C7 /* HackwichTwo.app */,
				94CC60B121FB93460037D2C7 /* HackwichTwoTests.xctest */,
				94CC60BC21FB93460037D2C7 /* HackwichTwoUITests.xctest */,
			);
			name = Products;
			sourceTree = "<group>";
		};
		94CC609F21FB93450037D2C7 /* HackwichTwo */ = {
			isa = PBXGroup;
			children = (
				94CC60A021FB93450037D2C7 /* AppDelegate.swift */,
				94CC60A221FB93450037D2C7 /* ViewController.swift */,
				94CC60A421FB93450037D2C7 /* Main.storyboard */,
				94CC60A721FB93460037D2C7 /* Assets.xcassets */,
				94CC60A921FB93460037D2C7 /* LaunchScreen.storyboard */,
				94CC60AC21FB93460037D2C7 /* Info.plist */,
			);
			path = HackwichTwo;
			sourceTree = "<group>";
		};
		94CC60B421FB93460037D2C7 /* HackwichTwoTests */ = {
			isa = PBXGroup;
			children = (
				94CC60B521FB93460037D2C7 /* HackwichTwoTests.swift */,
				94CC60B721FB93460037D2C7 /* Info.plist */,
			);
			path = HackwichTwoTests;
			sourceTree = "<group>";
		};
		94CC60BF21FB93460037D2C7 /* HackwichTwoUITests */ = {
			isa = PBXGroup;
			children = (
				94CC60C021FB93460037D2C7 /* HackwichTwoUITests.swift */,
				94CC60C221FB93460037D2C7 /* Info.plist */,
			);
			path = HackwichTwoUITests;
			sourceTree = "<group>";
		};
/* End PBXGroup section */

/* Begin PBXNativeTarget section */
		94CC609C21FB93450037D2C7 /* HackwichTwo */ = {
			isa = PBXNativeTarget;
			buildConfigurationList = 94CC60C521FB93460037D2C7 /* Build configuration list for PBXNativeTarget "HackwichTwo" */;
			buildPhases = (
				94CC609921FB93450037D2C7 /* Sources */,
				94CC609A21FB93450037D2C7 /* Frameworks */,
				94CC609B21FB93450037D2C7 /* Resources */,
			);
			buildRules = (
			);
			dependencies = (
			);
			name = HackwichTwo;
			productName = HackwichTwo;
			productReference = 94CC609D21FB93450037D2C7 /* HackwichTwo.app */;
			productType = "com.apple.product-type.application";
		};
		94CC60B021FB93460037D2C7 /* HackwichTwoTests */ = {
			isa = PBXNativeTarget;
			buildConfigurationList = 94CC60C821FB93460037D2C7 /* Build configuration list for PBXNativeTarget "HackwichTwoTests" */;
			buildPhases = (
				94CC60AD21FB93460037D2C7 /* Sources */,
				94CC60AE21FB93460037D2C7 /* Frameworks */,
				94CC60AF21FB93460037D2C7 /* Resources */,
			);
			buildRules = (
			);
			dependencies = (
				94CC60B321FB93460037D2C7 /* PBXTargetDependency */,
			);
			name = HackwichTwoTests;
			productName = HackwichTwoTests;
			productReference = 94CC60B121FB93460037D2C7 /* HackwichTwoTests.xctest */;
			productType = "com.apple.product-type.bundle.unit-test";
		};
		94CC60BB21FB93460037D2C7 /* HackwichTwoUITests */ = {
			isa = PBXNativeTarget;
			buildConfigurationList = 94CC60CB21FB93460037D2C7 /* Build configuration list for PBXNativeTarget "HackwichTwoUITests" */;
			buildPhases = (
				94CC60B821FB93460037D2C7 /* Sources */,
				94CC60B921FB93460037D2C7 /* Frameworks */,
				94CC60BA21FB93460037D2C7 /* Resources */,
			);
			buildRules = (
			);
			dependencies = (
				94CC60BE21FB93460037D2C7 /* PBXTargetDependency */,
			);
			name = HackwichTwoUITests;
			productName = HackwichTwoUITests;
			productReference = 94CC60BC21FB93460037D2C7 /* HackwichTwoUITests.xctest */;
			productType = "com.apple.product-type.bundle.ui-testing";
		};
/* End PBXNativeTarget section */

/* Begin PBXProject section */
		94CC609521FB93450037D2C7 /* Project object */ = {
			isa = PBXProject;
			attributes = {
				LastSwiftUpdateCheck = 1010;
				LastUpgradeCheck = 1010;
				ORGANIZATIONNAME = "Ryan B Domingo";
				TargetAttributes = {
					94CC609C21FB93450037D2C7 = {
						CreatedOnToolsVersion = 10.1;
					};
					94CC60B021FB93460037D2C7 = {
						CreatedOnToolsVersion = 10.1;
						TestTargetID = 94CC609C21FB93450037D2C7;
					};
					94CC60BB21FB93460037D2C7 = {
						CreatedOnToolsVersion = 10.1;
						TestTargetID = 94CC609C21FB93450037D2C7;
					};
				};
			};
			buildConfigurationList = 94CC609821FB93450037D2C7 /* Build configuration list for PBXProject "HackwichTwo" */;
			compatibilityVersion = "Xcode 9.3";
			developmentRegion = en;
			hasScannedForEncodings = 0;
			knownRegions = (
				en,
				Base,
			);
			mainGroup = 94CC609421FB93450037D2C7;
			productRefGroup = 94CC609E21FB93450037D2C7 /* Products */;
			projectDirPath = "";
			projectRoot = "";
			targets = (
				94CC609C21FB93450037D2C7 /* HackwichTwo */,
				94CC60B021FB93460037D2C7 /* HackwichTwoTests */,
				94CC60BB21FB93460037D2C7 /* HackwichTwoUITests */,
			);
		};
/* End PBXProject section */

/* Begin PBXResourcesBuildPhase section */
		94CC609B21FB93450037D2C7 /* Resources */ = {
			isa = PBXResourcesBuildPhase;
			buildActionMask = 2147483647;
			files = (
				94CC60AB21FB93460037D2C7 /* LaunchScreen.storyboard in Resources */,
				94CC60A821FB93460037D2C7 /* Assets.xcassets in Resources */,
				94CC60A621FB93450037D2C7 /* Main.storyboard in Resources */,
			);
			runOnlyForDeploymentPostprocessing = 0;
		};
		94CC60AF21FB93460037D2C7 /* Resources */ = {
			isa = PBXResourcesBuildPhase;
			buildActionMask = 2147483647;
			files = (
			);
			runOnlyForDeploymentPostprocessing = 0;
		};
		94CC60BA21FB93460037D2C7 /* Resources */ = {
			isa = PBXResourcesBuildPhase;
			buildActionMask = 2147483647;
			files = (
			);
			runOnlyForDeploymentPostprocessing = 0;
		};
/* End PBXResourcesBuildPhase section */

/* Begin PBXSourcesBuildPhase section */
		94CC609921FB93450037D2C7 /* Sources */ = {
			isa = PBXSourcesBuildPhase;
			buildActionMask = 2147483647;
			files = (
				94CC60A321FB93450037D2C7 /* ViewController.swift in Sources */,
				94CC60A121FB93450037D2C7 /* AppDelegate.swift in Sources */,
			);
			runOnlyForDeploymentPostprocessing = 0;
		};
		94CC60AD21FB93460037D2C7 /* Sources */ = {
			isa = PBXSourcesBuildPhase;
			buildActionMask = 2147483647;
			files = (
				94CC60B621FB93460037D2C7 /* HackwichTwoTests.swift in Sources */,
			);
			runOnlyForDeploymentPostprocessing = 0;
		};
		94CC60B821FB93460037D2C7 /* Sources */ = {
			isa = PBXSourcesBuildPhase;
			buildActionMask = 2147483647;
			files = (
				94CC60C121FB93460037D2C7 /* HackwichTwoUITests.swift in Sources */,
			);
			runOnlyForDeploymentPostprocessing = 0;
		};
/* End PBXSourcesBuildPhase section */

/* Begin PBXTargetDependency section */
		94CC60B321FB93460037D2C7 /* PBXTargetDependency */ = {
			isa = PBXTargetDependency;
			target = 94CC609C21FB93450037D2C7 /* HackwichTwo */;
			targetProxy = 94CC60B221FB93460037D2C7 /* PBXContainerItemProxy */;
		};
		94CC60BE21FB93460037D2C7 /* PBXTargetDependency */ = {
			isa = PBXTargetDependency;
			target = 94CC609C21FB93450037D2C7 /* HackwichTwo */;
			targetProxy = 94CC60BD21FB93460037D2C7 /* PBXContainerItemProxy */;
		};
/* End PBXTargetDependency section */

/* Begin PBXVariantGroup section */
		94CC60A421FB93450037D2C7 /* Main.storyboard */ = {
			isa = PBXVariantGroup;
			children = (
				94CC60A521FB93450037D2C7 /* Base */,
			);
			name = Main.storyboard;
			sourceTree = "<group>";
		};
		94CC60A921FB93460037D2C7 /* LaunchScreen.storyboard */ = {
			isa = PBXVariantGroup;
			children = (
				94CC60AA21FB93460037D2C7 /* Base */,
			);
			name = LaunchScreen.storyboard;
			sourceTree = "<group>";
		};
/* End PBXVariantGroup section */

/* Begin XCBuildConfiguration section */
		94CC60C321FB93460037D2C7 /* Debug */ = {
			isa = XCBuildConfiguration;
			buildSettings = {
				ALWAYS_SEARCH_USER_PATHS = NO;
				CLANG_ANALYZER_NONNULL = YES;
				CLANG_ANALYZER_NUMBER_OBJECT_CONVERSION = YES_AGGRESSIVE;
				CLANG_CXX_LANGUAGE_STANDARD = "gnu++14";
				CLANG_CXX_LIBRARY = "libc++";
				CLANG_ENABLE_MODULES = YES;
				CLANG_ENABLE_OBJC_ARC = YES;
				CLANG_ENABLE_OBJC_WEAK = YES;
				CLANG_WARN_BLOCK_CAPTURE_AUTORELEASING = YES;
				CLANG_WARN_BOOL_CONVERSION = YES;
				CLANG_WARN_COMMA = YES;
				CLANG_WARN_CONSTANT_CONVERSION = YES;
				CLANG_WARN_DEPRECATED_OBJC_IMPLEMENTATIONS = YES;
				CLANG_WARN_DIRECT_OBJC_ISA_USAGE = YES_ERROR;
				CLANG_WARN_DOCUMENTATION_COMMENTS = YES;
				CLANG_WARN_EMPTY_BODY = YES;
				CLANG_WARN_ENUM_CONVERSION = YES;
				CLANG_WARN_INFINITE_RECURSION = YES;
				CLANG_WARN_INT_CONVERSION = YES;
				CLANG_WARN_NON_LITERAL_NULL_CONVERSION = YES;
				CLANG_WARN_OBJC_IMPLICIT_RETAIN_SELF = YES;
				CLANG_WARN_OBJC_LITERAL_CONVERSION = YES;
				CLANG_WARN_OBJC_ROOT_CLASS = YES_ERROR;
				CLANG_WARN_RANGE_LOOP_ANALYSIS = YES;
				CLANG_WARN_STRICT_PROTOTYPES = YES;
				CLANG_WARN_SUSPICIOUS_MOVE = YES;
				CLANG_WARN_UNGUARDED_AVAILABILITY = YES_AGGRESSIVE;
				CLANG_WARN_UNREACHABLE_CODE = YES;
				CLANG_WARN__DUPLICATE_METHOD_MATCH = YES;
				CODE_SIGN_IDENTITY = "iPhone Developer";
				COPY_PHASE_STRIP = NO;
				DEBUG_INFORMATION_FORMAT = dwarf;
				ENABLE_STRICT_OBJC_MSGSEND = YES;
				ENABLE_TESTABILITY = YES;
				GCC_C_LANGUAGE_STANDARD = gnu11;
				GCC_DYNAMIC_NO_PIC = NO;
				GCC_NO_COMMON_BLOCKS = YES;
				GCC_OPTIMIZATION_LEVEL = 0;
				GCC_PREPROCESSOR_DEFINITIONS = (
					"DEBUG=1",
					"$(inherited)",
				);
				GCC_WARN_64_TO_32_BIT_CONVERSION = YES;
				GCC_WARN_ABOUT_RETURN_TYPE = YES_ERROR;
				GCC_WARN_UNDECLARED_SELECTOR = YES;
				GCC_WARN_UNINITIALIZED_AUTOS = YES_AGGRESSIVE;
				GCC_WARN_UNUSED_FUNCTION = YES;
				GCC_WARN_UNUSED_VARIABLE = YES;
				IPHONEOS_DEPLOYMENT_TARGET = 12.1;
				MTL_ENABLE_DEBUG_INFO = INCLUDE_SOURCE;
				MTL_FAST_MATH = YES;
				ONLY_ACTIVE_ARCH = YES;
				SDKROOT = iphoneos;
				SWIFT_ACTIVE_COMPILATION_CONDITIONS = DEBUG;
				SWIFT_OPTIMIZATION_LEVEL = "-Onone";
			};
			name = Debug;
		};
		94CC60C421FB93460037D2C7 /* Release */ = {
			isa = XCBuildConfiguration;
			buildSettings = {
				ALWAYS_SEARCH_USER_PATHS = NO;
				CLANG_ANALYZER_NONNULL = YES;
				CLANG_ANALYZER_NUMBER_OBJECT_CONVERSION = YES_AGGRESSIVE;
				CLANG_CXX_LANGUAGE_STANDARD = "gnu++14";
				CLANG_CXX_LIBRARY = "libc++";
				CLANG_ENABLE_MODULES = YES;
				CLANG_ENABLE_OBJC_ARC = YES;
				CLANG_ENABLE_OBJC_WEAK = YES;
				CLANG_WARN_BLOCK_CAPTURE_AUTORELEASING = YES;
				CLANG_WARN_BOOL_CONVERSION = YES;
				CLANG_WARN_COMMA = YES;
				CLANG_WARN_CONSTANT_CONVERSION = YES;
				CLANG_WARN_DEPRECATED_OBJC_IMPLEMENTATIONS = YES;
				CLANG_WARN_DIRECT_OBJC_ISA_USAGE = YES_ERROR;
				CLANG_WARN_DOCUMENTATION_COMMENTS = YES;
				CLANG_WARN_EMPTY_BODY = YES;
				CLANG_WARN_ENUM_CONVERSION = YES;
				CLANG_WARN_INFINITE_RECURSION = YES;
				CLANG_WARN_INT_CONVERSION = YES;
				CLANG_WARN_NON_LITERAL_NULL_CONVERSION = YES;
				CLANG_WARN_OBJC_IMPLICIT_RETAIN_SELF = YES;
				CLANG_WARN_OBJC_LITERAL_CONVERSION = YES;
				CLANG_WARN_OBJC_ROOT_CLASS = YES_ERROR;
				CLANG_WARN_RANGE_LOOP_ANALYSIS = YES;
				CLANG_WARN_STRICT_PROTOTYPES = YES;
				CLANG_WARN_SUSPICIOUS_MOVE = YES;
				CLANG_WARN_UNGUARDED_AVAILABILITY = YES_AGGRESSIVE;
				CLANG_WARN_UNREACHABLE_CODE = YES;
				CLANG_WARN__DUPLICATE_METHOD_MATCH = YES;
				CODE_SIGN_IDENTITY = "iPhone Developer";
				COPY_PHASE_STRIP = NO;
				DEBUG_INFORMATION_FORMAT = "dwarf-with-dsym";
				ENABLE_NS_ASSERTIONS = NO;
				ENABLE_STRICT_OBJC_MSGSEND = YES;
				GCC_C_LANGUAGE_STANDARD = gnu11;
				GCC_NO_COMMON_BLOCKS = YES;
				GCC_WARN_64_TO_32_BIT_CONVERSION = YES;
				GCC_WARN_ABOUT_RETURN_TYPE = YES_ERROR;
				GCC_WARN_UNDECLARED_SELECTOR = YES;
				GCC_WARN_UNINITIALIZED_AUTOS = YES_AGGRESSIVE;
				GCC_WARN_UNUSED_FUNCTION = YES;
				GCC_WARN_UNUSED_VARIABLE = YES;
				IPHONEOS_DEPLOYMENT_TARGET = 12.1;
				MTL_ENABLE_DEBUG_INFO = NO;
				MTL_FAST_MATH = YES;
				SDKROOT = iphoneos;
				SWIFT_COMPILATION_MODE = wholemodule;
				SWIFT_OPTIMIZATION_LEVEL = "-O";
				VALIDATE_PRODUCT = YES;
			};
			name = Release;
		};
		94CC60C621FB93460037D2C7 /* Debug */ = {
			isa = XCBuildConfiguration;
			buildSettings = {
				ASSETCATALOG_COMPILER_APPICON_NAME = AppIcon;
				CODE_SIGN_STYLE = Automatic;
				DEVELOPMENT_TEAM = 7SWU9URYP4;
				INFOPLIST_FILE = HackwichTwo/Info.plist;
				LD_RUNPATH_SEARCH_PATHS = (
					"$(inherited)",
					"@executable_path/Frameworks",
				);
				PRODUCT_BUNDLE_IDENTIFIER = UHWO.org.HackwichTwo.Ryan;
				PRODUCT_NAME = "$(TARGET_NAME)";
				SWIFT_VERSION = 4.2;
				TARGETED_DEVICE_FAMILY = "1,2";
			};
			name = Debug;
		};
		94CC60C721FB93460037D2C7 /* Release */ = {
			isa = XCBuildConfiguration;
			buildSettings = {
				ASSETCATALOG_COMPILER_APPICON_NAME = AppIcon;
				CODE_SIGN_STYLE = Automatic;
				DEVELOPMENT_TEAM = 7SWU9URYP4;
				INFOPLIST_FILE = HackwichTwo/Info.plist;
				LD_RUNPATH_SEARCH_PATHS = (
					"$(inherited)",
					"@executable_path/Frameworks",
				);
				PRODUCT_BUNDLE_IDENTIFIER = UHWO.org.HackwichTwo.Ryan;
				PRODUCT_NAME = "$(TARGET_NAME)";
				SWIFT_VERSION = 4.2;
				TARGETED_DEVICE_FAMILY = "1,2";
			};
			name = Release;
		};
		94CC60C921FB93460037D2C7 /* Debug */ = {
			isa = XCBuildConfiguration;
			buildSettings = {
				ALWAYS_EMBED_SWIFT_STANDARD_LIBRARIES = YES;
				BUNDLE_LOADER = "$(TEST_HOST)";
				CODE_SIGN_STYLE = Automatic;
				DEVELOPMENT_TEAM = 7SWU9URYP4;
				INFOPLIST_FILE = HackwichTwoTests/Info.plist;
				LD_RUNPATH_SEARCH_PATHS = (
					"$(inherited)",
					"@executable_path/Frameworks",
					"@loader_path/Frameworks",
				);
				PRODUCT_BUNDLE_IDENTIFIER = UHWO.org.HackwichTwoTests;
				PRODUCT_NAME = "$(TARGET_NAME)";
				SWIFT_VERSION = 4.2;
				TARGETED_DEVICE_FAMILY = "1,2";
				TEST_HOST = "$(BUILT_PRODUCTS_DIR)/HackwichTwo.app/HackwichTwo";
			};
			name = Debug;
		};
		94CC60CA21FB93460037D2C7 /* Release */ = {
			isa = XCBuildConfiguration;
			buildSettings = {
				ALWAYS_EMBED_SWIFT_STANDARD_LIBRARIES = YES;
				BUNDLE_LOADER = "$(TEST_HOST)";
				CODE_SIGN_STYLE = Automatic;
				DEVELOPMENT_TEAM = 7SWU9URYP4;
				INFOPLIST_FILE = HackwichTwoTests/Info.plist;
				LD_RUNPATH_SEARCH_PATHS = (
					"$(inherited)",
					"@executable_path/Frameworks",
					"@loader_path/Frameworks",
				);
				PRODUCT_BUNDLE_IDENTIFIER = UHWO.org.HackwichTwoTests;
				PRODUCT_NAME = "$(TARGET_NAME)";
				SWIFT_VERSION = 4.2;
				TARGETED_DEVICE_FAMILY = "1,2";
				TEST_HOST = "$(BUILT_PRODUCTS_DIR)/HackwichTwo.app/HackwichTwo";
			};
			name = Release;
		};
		94CC60CC21FB93460037D2C7 /* Debug */ = {
			isa = XCBuildConfiguration;
			buildSettings = {
				ALWAYS_EMBED_SWIFT_STANDARD_LIBRARIES = YES;
				CODE_SIGN_STYLE = Automatic;
				DEVELOPMENT_TEAM = 7SWU9URYP4;
				INFOPLIST_FILE = HackwichTwoUITests/Info.plist;
				LD_RUNPATH_SEARCH_PATHS = (
					"$(inherited)",
					"@executable_path/Frameworks",
					"@loader_path/Frameworks",
				);
				PRODUCT_BUNDLE_IDENTIFIER = UHWO.org.HackwichTwoUITests;
				PRODUCT_NAME = "$(TARGET_NAME)";
				SWIFT_VERSION = 4.2;
				TARGETED_DEVICE_FAMILY = "1,2";
				TEST_TARGET_NAME = HackwichTwo;
			};
			name = Debug;
		};
		94CC60CD21FB93460037D2C7 /* Release */ = {
			isa = XCBuildConfiguration;
			buildSettings = {
				ALWAYS_EMBED_SWIFT_STANDARD_LIBRARIES = YES;
				CODE_SIGN_STYLE = Automatic;
				DEVELOPMENT_TEAM = 7SWU9URYP4;
				INFOPLIST_FILE = HackwichTwoUITests/Info.plist;
				LD_RUNPATH_SEARCH_PATHS = (
					"$(inherited)",
					"@executable_path/Frameworks",
					"@loader_path/Frameworks",
				);
				PRODUCT_BUNDLE_IDENTIFIER = UHWO.org.HackwichTwoUITests;
				PRODUCT_NAME = "$(TARGET_NAME)";
				SWIFT_VERSION = 4.2;
				TARGETED_DEVICE_FAMILY = "1,2";
				TEST_TARGET_NAME = HackwichTwo;
			};
			name = Release;
		};
/* End XCBuildConfiguration section */

/* Begin XCConfigurationList section */
		94CC609821FB93450037D2C7 /* Build configuration list for PBXProject "HackwichTwo" */ = {
			isa = XCConfigurationList;
			buildConfigurations = (
				94CC60C321FB93460037D2C7 /* Debug */,
				94CC60C421FB93460037D2C7 /* Release */,
			);
			defaultConfigurationIsVisible = 0;
			defaultConfigurationName = Release;
		};
		94CC60C521FB93460037D2C7 /* Build configuration list for PBXNativeTarget "HackwichTwo" */ = {
			isa = XCConfigurationList;
			buildConfigurations = (
				94CC60C621FB93460037D2C7 /* Debug */,
				94CC60C721FB93460037D2C7 /* Release */,
			);
			defaultConfigurationIsVisible = 0;
			defaultConfigurationName = Release;
		};
		94CC60C821FB93460037D2C7 /* Build configuration list for PBXNativeTarget "HackwichTwoTests" */ = {
			isa = XCConfigurationList;
			buildConfigurations = (
				94CC60C921FB93460037D2C7 /* Debug */,
				94CC60CA21FB93460037D2C7 /* Release */,
			);
			defaultConfigurationIsVisible = 0;
			defaultConfigurationName = Release;
		};
		94CC60CB21FB93460037D2C7 /* Build configuration list for PBXNativeTarget "HackwichTwoUITests" */ = {
			isa = XCConfigurationList;
			buildConfigurations = (
				94CC60CC21FB93460037D2C7 /* Debug */,
				94CC60CD21FB93460037D2C7 /* Release */,
			);
			defaultConfigurationIsVisible = 0;
			defaultConfigurationName = Release;
		};
/* End XCConfigurationList section */
	};
	rootObject = 94CC609521FB93450037D2C7 /* Project object */;
}
